
Microsoft Visual Studio Solution File, Format Version 12.00
# Visual Studio Version 17
VisualStudioVersion = 17.0.31903.59
MinimumVisualStudioVersion = 10.0.40219.1
Project("{FAE04EC0-301F-11D3-BF4B-00C04F79EFBC}") = "ColorSpheres", "ColorSpheres\ColorSpheres.csproj", "{B396AB4D-E216-463D-8A82-9D93B2126C8A}"
EndProject
Project("{FAE04EC0-301F-11D3-BF4B-00C04F79EFBC}") = "BetterColorSpheres", "BetterColorSpheres\BetterColorSpheres.csproj", "{BC3AF20E-F107-46C5-8DE5-3381A08D3E31}"
EndProject
Project("{FAE04EC0-301F-11D3-BF4B-00C04F79EFBC}") = "PlayerStats", "PlayerStats\PlayerStats.csproj", "{98ECA1D5-5C79-4044-96DD-382DCC387B9B}"
EndProject
Project("{FAE04EC0-301F-11D3-BF4B-00C04F79EFBC}") = "MyRPG", "MyRPG\MyRPG.csproj", "{DBC02E5A-4582-401F-A1A2-F2DC6B3D0E02}"
EndProject
Global
	GlobalSection(SolutionConfigurationPlatforms) = preSolution
		Debug|Any CPU = Debug|Any CPU
		Release|Any CPU = Release|Any CPU
	EndGlobalSection
	GlobalSection(SolutionProperties) = preSolution
		HideSolutionNode = FALSE
	EndGlobalSection
	GlobalSection(ProjectConfigurationPlatforms) = postSolution
		{B396AB4D-E216-463D-8A82-9D93B2126C8A}.Debug|Any CPU.ActiveCfg = Debug|Any CPU
		{B396AB4D-E216-463D-8A82-9D93B2126C8A}.Debug|Any CPU.Build.0 = Debug|Any CPU
		{B396AB4D-E216-463D-8A82-9D93B2126C8A}.Release|Any CPU.ActiveCfg = Release|Any CPU
		{B396AB4D-E216-463D-8A82-9D93B2126C8A}.Release|Any CPU.Build.0 = Release|Any CPU
		{BC3AF20E-F107-46C5-8DE5-3381A08D3E31}.Debug|Any CPU.ActiveCfg = Debug|Any CPU
		{BC3AF20E-F107-46C5-8DE5-3381A08D3E31}.Debug|Any CPU.Build.0 = Debug|Any CPU
		{BC3AF20E-F107-46C5-8DE5-3381A08D3E31}.Release|Any CPU.ActiveCfg = Release|Any CPU
		{BC3AF20E-F107-46C5-8DE5-3381A08D3E31}.Release|Any CPU.Build.0 = Release|Any CPU
		{98ECA1D5-5C79-4044-96DD-382DCC387B9B}.Debug|Any CPU.ActiveCfg = Debug|Any CPU
		{98ECA1D5-5C79-4044-96DD-382DCC387B9B}.Debug|Any CPU.Build.0 = Debug|Any CPU
		{98ECA1D5-5C79-4044-96DD-382DCC387B9B}.Release|Any CPU.ActiveCfg = Release|Any CPU
		{98ECA1D5-5C79-4044-96DD-382DCC387B9B}.Release|Any CPU.Build.0 = Release|Any CPU
		{DBC02E5A-4582-401F-A1A2-F2DC6B3D0E02}.Debug|Any CPU.ActiveCfg = Debug|Any CPU
		{DBC02E5A-4582-401F-A1A2-F2DC6B3D0E02}.Debug|Any CPU.Build.0 = Debug|Any CPU
		{DBC02E5A-4582-401F-A1A2-F2DC6B3D0E02}.Release|Any CPU.ActiveCfg = Release|Any CPU
		{DBC02E5A-4582-401F-A1A2-F2DC6B3D0E02}.Release|Any CPU.Build.0 = Release|Any CPU
	EndGlobalSection
EndGlobal
